
Microsoft Visual Studio Solution File, Format Version 12.00
# Visual Studio Version 17
VisualStudioVersion = 17.8.34309.116
MinimumVisualStudioVersion = 10.0.40219.1
Project("{FAE04EC0-301F-11D3-BF4B-00C04F79EFBC}") = "Simple Calculator", "Simple Calculator\Simple Calculator.csproj", "{E8D100B8-04AA-4754-A9EB-AE7305D1B169}"
EndProject
Global
	GlobalSection(SolutionConfigurationPlatforms) = preSolution
		Debug|Any CPU = Debug|Any CPU
		Release|Any CPU = Release|Any CPU
	EndGlobalSection
	GlobalSection(ProjectConfigurationPlatforms) = postSolution
		{E8D100B8-04AA-4754-A9EB-AE7305D1B169}.Debug|Any CPU.ActiveCfg = Debug|Any CPU
		{E8D100B8-04AA-4754-A9EB-AE7305D1B169}.Debug|Any CPU.Build.0 = Debug|Any CPU
		{E8D100B8-04AA-4754-A9EB-AE7305D1B169}.Release|Any CPU.ActiveCfg = Release|Any CPU
		{E8D100B8-04AA-4754-A9EB-AE7305D1B169}.Release|Any CPU.Build.0 = Release|Any CPU
	EndGlobalSection
	GlobalSection(SolutionProperties) = preSolution
		HideSolutionNode = FALSE
	EndGlobalSection
	GlobalSection(ExtensibilityGlobals) = postSolution
		SolutionGuid = {552D3C8F-4CB1-4B1C-80B4-EB7DDD95C9D9}
	EndGlobalSection
EndGlobal
